
Microsoft Visual Studio Solution File, Format Version 12.00
# Visual Studio Version 16
VisualStudioVersion = 16.0.30204.135
MinimumVisualStudioVersion = 10.0.40219.1
Project("{FAE04EC0-301F-11D3-BF4B-00C04F79EFBC}") = "WibciCountryStateGeocode.XamarinSample.UWP", "WibciCountryStateGeocode.XamarinSample.UWP\WibciCountryStateGeocode.XamarinSample.UWP.csproj", "{C440E812-FA5C-403F-A527-86BBA9786D29}"
EndProject
Project("{FAE04EC0-301F-11D3-BF4B-00C04F79EFBC}") = "WibciCountryStateGeocode.XamarinSample.Android", "WibciCountryStateGeocode.XamarinSample.Android\WibciCountryStateGeocode.XamarinSample.Android.csproj", "{9C3478A1-B3C3-4294-AB90-4136F5C44BDA}"
EndProject
Project("{FAE04EC0-301F-11D3-BF4B-00C04F79EFBC}") = "WibciCountryStateGeocode.XamarinSample.iOS", "WibciCountryStateGeocode.XamarinSample.iOS\WibciCountryStateGeocode.XamarinSample.iOS.csproj", "{C28B5893-BF12-4432-9CEC-93812FC36417}"
EndProject
Project("{FAE04EC0-301F-11D3-BF4B-00C04F79EFBC}") = "WibciCountryStateGeocode.XamarinSample", "WibciCountryStateGeocode.XamarinSample\WibciCountryStateGeocode.XamarinSample.csproj", "{2AE8FFCF-24EA-4C39-91C9-889F3E278C13}"
EndProject
Global
	GlobalSection(SolutionConfigurationPlatforms) = preSolution
		Debug|Any CPU = Debug|Any CPU
		Debug|ARM = Debug|ARM
		Debug|iPhone = Debug|iPhone
		Debug|iPhoneSimulator = Debug|iPhoneSimulator
		Debug|x64 = Debug|x64
		Debug|x86 = Debug|x86
		Release|Any CPU = Release|Any CPU
		Release|ARM = Release|ARM
		Release|iPhone = Release|iPhone
		Release|iPhoneSimulator = Release|iPhoneSimulator
		Release|x64 = Release|x64
		Release|x86 = Release|x86
	EndGlobalSection
	GlobalSection(ProjectConfigurationPlatforms) = postSolution
		{C440E812-FA5C-403F-A527-86BBA9786D29}.Debug|Any CPU.ActiveCfg = Debug|x86
		{C440E812-FA5C-403F-A527-86BBA9786D29}.Debug|Any CPU.Build.0 = Debug|x86
		{C440E812-FA5C-403F-A527-86BBA9786D29}.Debug|Any CPU.Deploy.0 = Debug|x86
		{C440E812-FA5C-403F-A527-86BBA9786D29}.Debug|ARM.ActiveCfg = Debug|ARM
		{C440E812-FA5C-403F-A527-86BBA9786D29}.Debug|ARM.Build.0 = Debug|ARM
		{C440E812-FA5C-403F-A527-86BBA9786D29}.Debug|ARM.Deploy.0 = Debug|ARM
		{C440E812-FA5C-403F-A527-86BBA9786D29}.Debug|iPhone.ActiveCfg = Debug|x86
		{C440E812-FA5C-403F-A527-86BBA9786D29}.Debug|iPhone.Build.0 = Debug|x86
		{C440E812-FA5C-403F-A527-86BBA9786D29}.Debug|iPhone.Deploy.0 = Debug|x86
		{C440E812-FA5C-403F-A527-86BBA9786D29}.Debug|iPhoneSimulator.ActiveCfg = Debug|x86
		{C440E812-FA5C-403F-A527-86BBA9786D29}.Debug|iPhoneSimulator.Build.0 = Debug|x86
		{C440E812-FA5C-403F-A527-86BBA9786D29}.Debug|iPhoneSimulator.Deploy.0 = Debug|x86
		{C440E812-FA5C-403F-A527-86BBA9786D29}.Debug|x64.ActiveCfg = Debug|x64
		{C440E812-FA5C-403F-A527-86BBA9786D29}.Debug|x64.Build.0 = Debug|x64
		{C440E812-FA5C-403F-A527-86BBA9786D29}.Debug|x64.Deploy.0 = Debug|x64
		{C440E812-FA5C-403F-A527-86BBA9786D29}.Debug|x86.ActiveCfg = Debug|x86
		{C440E812-FA5C-403F-A527-86BBA9786D29}.Debug|x86.Build.0 = Debug|x86
		{C440E812-FA5C-403F-A527-86BBA9786D29}.Debug|x86.Deploy.0 = Debug|x86
		{C440E812-FA5C-403F-A527-86BBA9786D29}.Release|Any CPU.ActiveCfg = Release|x86
		{C440E812-FA5C-403F-A527-86BBA9786D29}.Release|Any CPU.Build.0 = Release|x86
		{C440E812-FA5C-403F-A527-86BBA9786D29}.Release|Any CPU.Deploy.0 = Release|x86
		{C440E812-FA5C-403F-A527-86BBA9786D29}.Release|ARM.ActiveCfg = Release|ARM
		{C440E812-FA5C-403F-A527-86BBA9786D29}.Release|ARM.Build.0 = Release|ARM
		{C440E812-FA5C-403F-A527-86BBA9786D29}.Release|ARM.Deploy.0 = Release|ARM
		{C440E812-FA5C-403F-A527-86BBA9786D29}.Release|iPhone.ActiveCfg = Release|x86
		{C440E812-FA5C-403F-A527-86BBA9786D29}.Release|iPhone.Build.0 = Release|x86
		{C440E812-FA5C-403F-A527-86BBA9786D29}.Release|iPhone.Deploy.0 = Release|x86
		{C440E812-FA5C-403F-A527-86BBA9786D29}.Release|iPhoneSimulator.ActiveCfg = Release|x86
		{C440E812-FA5C-403F-A527-86BBA9786D29}.Release|iPhoneSimulator.Build.0 = Release|x86
		{C440E812-FA5C-403F-A527-86BBA9786D29}.Release|iPhoneSimulator.Deploy.0 = Release|x86
		{C440E812-FA5C-403F-A527-86BBA9786D29}.Release|x64.ActiveCfg = Release|x64
		{C440E812-FA5C-403F-A527-86BBA9786D29}.Release|x64.Build.0 = Release|x64
		{C440E812-FA5C-403F-A527-86BBA9786D29}.Release|x64.Deploy.0 = Release|x64
		{C440E812-FA5C-403F-A527-86BBA9786D29}.Release|x86.ActiveCfg = Release|x86
		{C440E812-FA5C-403F-A527-86BBA9786D29}.Release|x86.Build.0 = Release|x86
		{C440E812-FA5C-403F-A527-86BBA9786D29}.Release|x86.Deploy.0 = Release|x86
		{9C3478A1-B3C3-4294-AB90-4136F5C44BDA}.Debug|Any CPU.ActiveCfg = Debug|Any CPU
		{9C3478A1-B3C3-4294-AB90-4136F5C44BDA}.Debug|Any CPU.Build.0 = Debug|Any CPU
		{9C3478A1-B3C3-4294-AB90-4136F5C44BDA}.Debug|Any CPU.Deploy.0 = Debug|Any CPU
		{9C3478A1-B3C3-4294-AB90-4136F5C44BDA}.Debug|ARM.ActiveCfg = Debug|Any CPU
		{9C3478A1-B3C3-4294-AB90-4136F5C44BDA}.Debug|ARM.Build.0 = Debug|Any CPU
		{9C3478A1-B3C3-4294-AB90-4136F5C44BDA}.Debug|ARM.Deploy.0 = Debug|Any CPU
		{9C3478A1-B3C3-4294-AB90-4136F5C44BDA}.Debug|iPhone.ActiveCfg = Debug|Any CPU
		{9C3478A1-B3C3-4294-AB90-4136F5C44BDA}.Debug|iPhone.Build.0 = Debug|Any CPU
		{9C3478A1-B3C3-4294-AB90-4136F5C44BDA}.Debug|iPhone.Deploy.0 = Debug|Any CPU
		{9C3478A1-B3C3-4294-AB90-4136F5C44BDA}.Debug|iPhoneSimulator.ActiveCfg = Debug|Any CPU
		{9C3478A1-B3C3-4294-AB90-4136F5C44BDA}.Debug|iPhoneSimulator.Build.0 = Debug|Any CPU
		{9C3478A1-B3C3-4294-AB90-4136F5C44BDA}.Debug|iPhoneSimulator.Deploy.0 = Debug|Any CPU
		{9C3478A1-B3C3-4294-AB90-4136F5C44BDA}.Debug|x64.ActiveCfg = Debug|Any CPU
		{9C3478A1-B3C3-4294-AB90-4136F5C44BDA}.Debug|x64.Build.0 = Debug|Any CPU
		{9C3478A1-B3C3-4294-AB90-4136F5C44BDA}.Debug|x64.Deploy.0 = Debug|Any CPU
		{9C3478A1-B3C3-4294-AB90-4136F5C44BDA}.Debug|x86.ActiveCfg = Debug|Any CPU
		{9C3478A1-B3C3-4294-AB90-4136F5C44BDA}.Debug|x86.Build.0 = Debug|Any CPU
		{9C3478A1-B3C3-4294-AB90-4136F5C44BDA}.Debug|x86.Deploy.0 = Debug|Any CPU
		{9C3478A1-B3C3-4294-AB90-4136F5C44BDA}.Release|Any CPU.ActiveCfg = Release|Any CPU
		{9C3478A1-B3C3-4294-AB90-4136F5C44BDA}.Release|Any CPU.Build.0 = Release|Any CPU
		{9C3478A1-B3C3-4294-AB90-4136F5C44BDA}.Release|Any CPU.Deploy.0 = Release|Any CPU
		{9C3478A1-B3C3-4294-AB90-4136F5C44BDA}.Release|ARM.ActiveCfg = Release|Any CPU
		{9C3478A1-B3C3-4294-AB90-4136F5C44BDA}.Release|ARM.Build.0 = Release|Any CPU
		{9C3478A1-B3C3-4294-AB90-4136F5C44BDA}.Release|ARM.Deploy.0 = Release|Any CPU
		{9C3478A1-B3C3-4294-AB90-4136F5C44BDA}.Release|iPhone.ActiveCfg = Release|Any CPU
		{9C3478A1-B3C3-4294-AB90-4136F5C44BDA}.Release|iPhone.Build.0 = Release|Any CPU
		{9C3478A1-B3C3-4294-AB90-4136F5C44BDA}.Release|iPhone.Deploy.0 = Release|Any CPU
		{9C3478A1-B3C3-4294-AB90-4136F5C44BDA}.Release|iPhoneSimulator.ActiveCfg = Release|Any CPU
		{9C3478A1-B3C3-4294-AB90-4136F5C44BDA}.Release|iPhoneSimulator.Build.0 = Release|Any CPU
		{9C3478A1-B3C3-4294-AB90-4136F5C44BDA}.Release|iPhoneSimulator.Deploy.0 = Release|Any CPU
		{9C3478A1-B3C3-4294-AB90-4136F5C44BDA}.Release|x64.ActiveCfg = Release|Any CPU
		{9C3478A1-B3C3-4294-AB90-4136F5C44BDA}.Release|x64.Build.0 = Release|Any CPU
		{9C3478A1-B3C3-4294-AB90-4136F5C44BDA}.Release|x64.Deploy.0 = Release|Any CPU
		{9C3478A1-B3C3-4294-AB90-4136F5C44BDA}.Release|x86.ActiveCfg = Release|Any CPU
		{9C3478A1-B3C3-4294-AB90-4136F5C44BDA}.Release|x86.Build.0 = Release|Any CPU
		{9C3478A1-B3C3-4294-AB90-4136F5C44BDA}.Release|x86.Deploy.0 = Release|Any CPU
		{C28B5893-BF12-4432-9CEC-93812FC36417}.Debug|Any CPU.ActiveCfg = Debug|iPhone
		{C28B5893-BF12-4432-9CEC-93812FC36417}.Debug|Any CPU.Build.0 = Debug|iPhone
		{C28B5893-BF12-4432-9CEC-93812FC36417}.Debug|Any CPU.Deploy.0 = Debug|iPhone
		{C28B5893-BF12-4432-9CEC-93812FC36417}.Debug|ARM.ActiveCfg = Debug|iPhone
		{C28B5893-BF12-4432-9CEC-93812FC36417}.Debug|ARM.Build.0 = Debug|iPhone
		{C28B5893-BF12-4432-9CEC-93812FC36417}.Debug|ARM.Deploy.0 = Debug|iPhone
		{C28B5893-BF12-4432-9CEC-93812FC36417}.Debug|iPhone.ActiveCfg = Debug|iPhone
		{C28B5893-BF12-4432-9CEC-93812FC36417}.Debug|iPhone.Build.0 = Debug|iPhone
		{C28B5893-BF12-4432-9CEC-93812FC36417}.Debug|iPhone.Deploy.0 = Debug|iPhone
		{C28B5893-BF12-4432-9CEC-93812FC36417}.Debug|iPhoneSimulator.ActiveCfg = Debug|iPhoneSimulator
		{C28B5893-BF12-4432-9CEC-93812FC36417}.Debug|iPhoneSimulator.Build.0 = Debug|iPhoneSimulator
		{C28B5893-BF12-4432-9CEC-93812FC36417}.Debug|iPhoneSimulator.Deploy.0 = Debug|iPhoneSimulator
		{C28B5893-BF12-4432-9CEC-93812FC36417}.Debug|x64.ActiveCfg = Debug|iPhone
		{C28B5893-BF12-4432-9CEC-93812FC36417}.Debug|x64.Build.0 = Debug|iPhone
		{C28B5893-BF12-4432-9CEC-93812FC36417}.Debug|x64.Deploy.0 = Debug|iPhone
		{C28B5893-BF12-4432-9CEC-93812FC36417}.Debug|x86.ActiveCfg = Debug|iPhone
		{C28B5893-BF12-4432-9CEC-93812FC36417}.Debug|x86.Build.0 = Debug|iPhone
		{C28B5893-BF12-4432-9CEC-93812FC36417}.Debug|x86.Deploy.0 = Debug|iPhone
		{C28B5893-BF12-4432-9CEC-93812FC36417}.Release|Any CPU.ActiveCfg = Release|iPhone
		{C28B5893-BF12-4432-9CEC-93812FC36417}.Release|Any CPU.Build.0 = Release|iPhone
		{C28B5893-BF12-4432-9CEC-93812FC36417}.Release|Any CPU.Deploy.0 = Release|iPhone
		{C28B5893-BF12-4432-9CEC-93812FC36417}.Release|ARM.ActiveCfg = Release|iPhone
		{C28B5893-BF12-4432-9CEC-93812FC36417}.Release|ARM.Build.0 = Release|iPhone
		{C28B5893-BF12-4432-9CEC-93812FC36417}.Release|ARM.Deploy.0 = Release|iPhone
		{C28B5893-BF12-4432-9CEC-93812FC36417}.Release|iPhone.ActiveCfg = Release|iPhone
		{C28B5893-BF12-4432-9CEC-93812FC36417}.Release|iPhone.Build.0 = Release|iPhone
		{C28B5893-BF12-4432-9CEC-93812FC36417}.Release|iPhone.Deploy.0 = Release|iPhone
		{C28B5893-BF12-4432-9CEC-93812FC36417}.Release|iPhoneSimulator.ActiveCfg = Release|iPhoneSimulator
		{C28B5893-BF12-4432-9CEC-93812FC36417}.Release|iPhoneSimulator.Build.0 = Release|iPhoneSimulator
		{C28B5893-BF12-4432-9CEC-93812FC36417}.Release|iPhoneSimulator.Deploy.0 = Release|iPhoneSimulator
		{C28B5893-BF12-4432-9CEC-93812FC36417}.Release|x64.ActiveCfg = Release|iPhone
		{C28B5893-BF12-4432-9CEC-93812FC36417}.Release|x64.Build.0 = Release|iPhone
		{C28B5893-BF12-4432-9CEC-93812FC36417}.Release|x64.Deploy.0 = Release|iPhone
		{C28B5893-BF12-4432-9CEC-93812FC36417}.Release|x86.ActiveCfg = Release|iPhone
		{C28B5893-BF12-4432-9CEC-93812FC36417}.Release|x86.Build.0 = Release|iPhone
		{C28B5893-BF12-4432-9CEC-93812FC36417}.Release|x86.Deploy.0 = Release|iPhone
		{2AE8FFCF-24EA-4C39-91C9-889F3E278C13}.Debug|Any CPU.ActiveCfg = Debug|Any CPU
		{2AE8FFCF-24EA-4C39-91C9-889F3E278C13}.Debug|Any CPU.Build.0 = Debug|Any CPU
		{2AE8FFCF-24EA-4C39-91C9-889F3E278C13}.Debug|Any CPU.Deploy.0 = Debug|Any CPU
		{2AE8FFCF-24EA-4C39-91C9-889F3E278C13}.Debug|ARM.ActiveCfg = Debug|Any CPU
		{2AE8FFCF-24EA-4C39-91C9-889F3E278C13}.Debug|ARM.Build.0 = Debug|Any CPU
		{2AE8FFCF-24EA-4C39-91C9-889F3E278C13}.Debug|ARM.Deploy.0 = Debug|Any CPU
		{2AE8FFCF-24EA-4C39-91C9-889F3E278C13}.Debug|iPhone.ActiveCfg = Debug|Any CPU
		{2AE8FFCF-24EA-4C39-91C9-889F3E278C13}.Debug|iPhone.Build.0 = Debug|Any CPU
		{2AE8FFCF-24EA-4C39-91C9-889F3E278C13}.Debug|iPhone.Deploy.0 = Debug|Any CPU
		{2AE8FFCF-24EA-4C39-91C9-889F3E278C13}.Debug|iPhoneSimulator.ActiveCfg = Debug|Any CPU
		{2AE8FFCF-24EA-4C39-91C9-889F3E278C13}.Debug|iPhoneSimulator.Build.0 = Debug|Any CPU
		{2AE8FFCF-24EA-4C39-91C9-889F3E278C13}.Debug|iPhoneSimulator.Deploy.0 = Debug|Any CPU
		{2AE8FFCF-24EA-4C39-91C9-889F3E278C13}.Debug|x64.ActiveCfg = Debug|Any CPU
		{2AE8FFCF-24EA-4C39-91C9-889F3E278C13}.Debug|x64.Build.0 = Debug|Any CPU
		{2AE8FFCF-24EA-4C39-91C9-889F3E278C13}.Debug|x64.Deploy.0 = Debug|Any CPU
		{2AE8FFCF-24EA-4C39-91C9-889F3E278C13}.Debug|x86.ActiveCfg = Debug|Any CPU
		{2AE8FFCF-24EA-4C39-91C9-889F3E278C13}.Debug|x86.Build.0 = Debug|Any CPU
		{2AE8FFCF-24EA-4C39-91C9-889F3E278C13}.Debug|x86.Deploy.0 = Debug|Any CPU
		{2AE8FFCF-24EA-4C39-91C9-889F3E278C13}.Release|Any CPU.ActiveCfg = Release|Any CPU
		{2AE8FFCF-24EA-4C39-91C9-889F3E278C13}.Release|Any CPU.Build.0 = Release|Any CPU
		{2AE8FFCF-24EA-4C39-91C9-889F3E278C13}.Release|Any CPU.Deploy.0 = Release|Any CPU
		{2AE8FFCF-24EA-4C39-91C9-889F3E278C13}.Release|ARM.ActiveCfg = Release|Any CPU
		{2AE8FFCF-24EA-4C39-91C9-889F3E278C13}.Release|ARM.Build.0 = Release|Any CPU
		{2AE8FFCF-24EA-4C39-91C9-889F3E278C13}.Release|ARM.Deploy.0 = Release|Any CPU
		{2AE8FFCF-24EA-4C39-91C9-889F3E278C13}.Release|iPhone.ActiveCfg = Release|Any CPU
		{2AE8FFCF-24EA-4C39-91C9-889F3E278C13}.Release|iPhone.Build.0 = Release|Any CPU
		{2AE8FFCF-24EA-4C39-91C9-889F3E278C13}.Release|iPhone.Deploy.0 = Release|Any CPU
		{2AE8FFCF-24EA-4C39-91C9-889F3E278C13}.Release|iPhoneSimulator.ActiveCfg = Release|Any CPU
		{2AE8FFCF-24EA-4C39-91C9-889F3E278C13}.Release|iPhoneSimulator.Build.0 = Release|Any CPU
		{2AE8FFCF-24EA-4C39-91C9-889F3E278C13}.Release|iPhoneSimulator.Deploy.0 = Release|Any CPU
		{2AE8FFCF-24EA-4C39-91C9-889F3E278C13}.Release|x64.ActiveCfg = Release|Any CPU
		{2AE8FFCF-24EA-4C39-91C9-889F3E278C13}.Release|x64.Build.0 = Release|Any CPU
		{2AE8FFCF-24EA-4C39-91C9-889F3E278C13}.Release|x64.Deploy.0 = Release|Any CPU
		{2AE8FFCF-24EA-4C39-91C9-889F3E278C13}.Release|x86.ActiveCfg = Release|Any CPU
		{2AE8FFCF-24EA-4C39-91C9-889F3E278C13}.Release|x86.Build.0 = Release|Any CPU
		{2AE8FFCF-24EA-4C39-91C9-889F3E278C13}.Release|x86.Deploy.0 = Release|Any CPU
	EndGlobalSection
	GlobalSection(SolutionProperties) = preSolution
		HideSolutionNode = FALSE
	EndGlobalSection
	GlobalSection(ExtensibilityGlobals) = postSolution
		SolutionGuid = {BE6EE5A7-0874-45B9-B245-FC2A914A6869}
	EndGlobalSection
EndGlobal
